
Microsoft Visual Studio Solution File, Format Version 12.00
# Visual Studio 15
VisualStudioVersion = 15.0.28307.1062
MinimumVisualStudioVersion = 10.0.40219.1
Project("{FAE04EC0-301F-11D3-BF4B-00C04F79EFBC}") = "RentalWebPortal", "RentalWebPortal\RentalWebPortal.csproj", "{B5BA8EBB-C164-42AD-836B-44EB1E8A6986}"
EndProject
Global
	GlobalSection(SolutionConfigurationPlatforms) = preSolution
		Debug|Any CPU = Debug|Any CPU
		Release|Any CPU = Release|Any CPU
	EndGlobalSection
	GlobalSection(ProjectConfigurationPlatforms) = postSolution
		{B5BA8EBB-C164-42AD-836B-44EB1E8A6986}.Debug|Any CPU.ActiveCfg = Debug|Any CPU
		{B5BA8EBB-C164-42AD-836B-44EB1E8A6986}.Debug|Any CPU.Build.0 = Debug|Any CPU
		{B5BA8EBB-C164-42AD-836B-44EB1E8A6986}.Release|Any CPU.ActiveCfg = Release|Any CPU
		{B5BA8EBB-C164-42AD-836B-44EB1E8A6986}.Release|Any CPU.Build.0 = Release|Any CPU
	EndGlobalSection
	GlobalSection(SolutionProperties) = preSolution
		HideSolutionNode = FALSE
	EndGlobalSection
	GlobalSection(ExtensibilityGlobals) = postSolution
		SolutionGuid = {F19F485C-34AE-4E2D-9514-BF66D5A92CEF}
	EndGlobalSection
EndGlobal
